{
  "object": {
    "pins": [
      {
        "package": "XCTestStarterKit",
        "repositoryURL": "https://github.com/CypherPoet/XCTestStarterKit",
        "state": {
          "branch": null,
          "revision": "c569921d4dce297cb579e0d969c2d356250749e4",
          "version": "0.0.3"
        }
      }
    ]
  },
  "version": 1
}
