{
  "object": {
    "pins": [
      {
        "package": "CypherPoetReduxUtils",
        "repositoryURL": "https://github.com/CypherPoet/CypherPoetReduxUtils",
        "state": {
          "branch": null,
          "revision": "fbe24e5fb43df254e7fe37782f823f39c9e8b375",
          "version": "0.2.1"
        }
      },
      {
        "package": "XCTestStarterKit",
        "repositoryURL": "https://github.com/CypherPoet/XCTestStarterKit",
        "state": {
          "branch": null,
          "revision": "12e6c4e91972ac812277958dba2c1882592fa49d",
          "version": "0.0.1"
        }
      }
    ]
  },
  "version": 1
}
