{
  "object": {
    "pins": [
      {
        "package": "CypherPoetCoreDataKit",
        "repositoryURL": "https://github.com/CypherPoet/CypherPoetCoreDataKit",
        "state": {
          "branch": null,
          "revision": "697868aab0dfd0989fe338a6e80b1386bffbfd2b",
          "version": "0.0.16"
        }
      },
      {
        "package": "CypherPoetReduxUtils",
        "repositoryURL": "https://github.com/CypherPoet/CypherPoetReduxUtils",
        "state": {
          "branch": null,
          "revision": "fbe24e5fb43df254e7fe37782f823f39c9e8b375",
          "version": "0.2.1"
        }
      }
    ]
  },
  "version": 1
}
